// !$*UTF8*$!
{
	archiveVersion = 1;
	classes = {
	};
	objectVersion = 46;
	objects = {

/* Begin PBXBuildFile section */
		E15ACCD71F973B2A0039E39E /* ta_ta_kira08.mp3 in Resources */ = {isa = PBXBuildFile; fileRef = E15ACCD61F973B2A0039E39E /* ta_ta_kira08.mp3 */; };
		E18BD0EC1F9077F700F01429 /* AppDelegate.swift in Sources */ = {isa = PBXBuildFile; fileRef = E18BD0EB1F9077F700F01429 /* AppDelegate.swift */; };
		E18BD0EE1F9077F700F01429 /* ViewController.swift in Sources */ = {isa = PBXBuildFile; fileRef = E18BD0ED1F9077F700F01429 /* ViewController.swift */; };
		E18BD0F11F9077F700F01429 /* Main.storyboard in Resources */ = {isa = PBXBuildFile; fileRef = E18BD0EF1F9077F700F01429 /* Main.storyboard */; };
		E18BD0F31F9077F700F01429 /* Assets.xcassets in Resources */ = {isa = PBXBuildFile; fileRef = E18BD0F21F9077F700F01429 /* Assets.xcassets */; };
		E18BD0F61F9077F700F01429 /* LaunchScreen.storyboard in Resources */ = {isa = PBXBuildFile; fileRef = E18BD0F41F9077F700F01429 /* LaunchScreen.storyboard */; };
		E18BD0FF1F90786200F01429 /* SpriteKit.framework in Frameworks */ = {isa = PBXBuildFile; fileRef = E18BD0FE1F90786200F01429 /* SpriteKit.framework */; };
		E18BD1011F907B8B00F01429 /* GameScene.swift in Sources */ = {isa = PBXBuildFile; fileRef = E18BD1001F907B8B00F01429 /* GameScene.swift */; };
/* End PBXBuildFile section */

/* Begin PBXFileReference section */
		E15ACCD61F973B2A0039E39E /* ta_ta_kira08.mp3 */ = {isa = PBXFileReference; lastKnownFileType = audio.mp3; path = ta_ta_kira08.mp3; sourceTree = "<group>"; };
		E18BD0E81F9077F700F01429 /* FlappyBird.app */ = {isa = PBXFileReference; explicitFileType = wrapper.application; includeInIndex = 0; path = FlappyBird.app; sourceTree = BUILT_PRODUCTS_DIR; };
		E18BD0EB1F9077F700F01429 /* AppDelegate.swift */ = {isa = PBXFileReference; lastKnownFileType = sourcecode.swift; path = AppDelegate.swift; sourceTree = "<group>"; };
		E18BD0ED1F9077F700F01429 /* ViewController.swift */ = {isa = PBXFileReference; lastKnownFileType = sourcecode.swift; path = ViewController.swift; sourceTree = "<group>"; };
		E18BD0F01F9077F700F01429 /* Base */ = {isa = PBXFileReference; lastKnownFileType = file.storyboard; name = Base; path = Base.lproj/Main.storyboard; sourceTree = "<group>"; };
		E18BD0F21F9077F700F01429 /* Assets.xcassets */ = {isa = PBXFileReference; lastKnownFileType = folder.assetcatalog; path = Assets.xcassets; sourceTree = "<group>"; };
		E18BD0F51F9077F700F01429 /* Base */ = {isa = PBXFileReference; lastKnownFileType = file.storyboard; name = Base; path = Base.lproj/LaunchScreen.storyboard; sourceTree = "<group>"; };
		E18BD0F71F9077F700F01429 /* Info.plist */ = {isa = PBXFileReference; lastKnownFileType = text.plist.xml; path = Info.plist; sourceTree = "<group>"; };
		E18BD0FE1F90786200F01429 /* SpriteKit.framework */ = {isa = PBXFileReference; lastKnownFileType = wrapper.framework; name = SpriteKit.framework; path = System/Library/Frameworks/SpriteKit.framework; sourceTree = SDKROOT; };
		E18BD1001F907B8B00F01429 /* GameScene.swift */ = {isa = PBXFileReference; fileEncoding = 4; lastKnownFileType = sourcecode.swift; path = GameScene.swift; sourceTree = "<group>"; };
/* End PBXFileReference section */

/* Begin PBXFrameworksBuildPhase section */
		E18BD0E51F9077F700F01429 /* Frameworks */ = {
			isa = PBXFrameworksBuildPhase;
			buildActionMask = 2147483647;
			files = (
				E18BD0FF1F90786200F01429 /* SpriteKit.framework in Frameworks */,
			);
			runOnlyForDeploymentPostprocessing = 0;
		};
/* End PBXFrameworksBuildPhase section */

/* Begin PBXGroup section */
		E18BD0DF1F9077F700F01429 = {
			isa = PBXGroup;
			children = (
				E18BD0EA1F9077F700F01429 /* FlappyBird */,
				E18BD0E91F9077F700F01429 /* Products */,
				E18BD0FD1F90786200F01429 /* Frameworks */,
			);
			sourceTree = "<group>";
		};
		E18BD0E91F9077F700F01429 /* Products */ = {
			isa = PBXGroup;
			children = (
				E18BD0E81F9077F700F01429 /* FlappyBird.app */,
			);
			name = Products;
			sourceTree = "<group>";
		};
		E18BD0EA1F9077F700F01429 /* FlappyBird */ = {
			isa = PBXGroup;
			children = (
				E15ACCD61F973B2A0039E39E /* ta_ta_kira08.mp3 */,
				E18BD0EB1F9077F700F01429 /* AppDelegate.swift */,
				E18BD0ED1F9077F700F01429 /* ViewController.swift */,
				E18BD0EF1F9077F700F01429 /* Main.storyboard */,
				E18BD0F21F9077F700F01429 /* Assets.xcassets */,
				E18BD0F41F9077F700F01429 /* LaunchScreen.storyboard */,
				E18BD0F71F9077F700F01429 /* Info.plist */,
				E18BD1001F907B8B00F01429 /* GameScene.swift */,
			);
			path = FlappyBird;
			sourceTree = "<group>";
		};
		E18BD0FD1F90786200F01429 /* Frameworks */ = {
			isa = PBXGroup;
			children = (
				E18BD0FE1F90786200F01429 /* SpriteKit.framework */,
			);
			name = Frameworks;
			sourceTree = "<group>";
		};
/* End PBXGroup section */

/* Begin PBXNativeTarget section */
		E18BD0E71F9077F700F01429 /* FlappyBird */ = {
			isa = PBXNativeTarget;
			buildConfigurationList = E18BD0FA1F9077F700F01429 /* Build configuration list for PBXNativeTarget "FlappyBird" */;
			buildPhases = (
				E18BD0E41F9077F700F01429 /* Sources */,
				E18BD0E51F9077F700F01429 /* Frameworks */,
				E18BD0E61F9077F700F01429 /* Resources */,
			);
			buildRules = (
			);
			dependencies = (
			);
			name = FlappyBird;
			productName = FlappyBird;
			productReference = E18BD0E81F9077F700F01429 /* FlappyBird.app */;
			productType = "com.apple.product-type.application";
		};
/* End PBXNativeTarget section */

/* Begin PBXProject section */
		E18BD0E01F9077F700F01429 /* Project object */ = {
			isa = PBXProject;
			attributes = {
				LastSwiftUpdateCheck = 0830;
				LastUpgradeCheck = 0830;
				ORGANIZATIONNAME = "濱田 一";
				TargetAttributes = {
					E18BD0E71F9077F700F01429 = {
						CreatedOnToolsVersion = 8.3.3;
						DevelopmentTeam = MR965626L4;
						ProvisioningStyle = Automatic;
					};
				};
			};
			buildConfigurationList = E18BD0E31F9077F700F01429 /* Build configuration list for PBXProject "FlappyBird" */;
			compatibilityVersion = "Xcode 3.2";
			developmentRegion = English;
			hasScannedForEncodings = 0;
			knownRegions = (
				en,
				Base,
			);
			mainGroup = E18BD0DF1F9077F700F01429;
			productRefGroup = E18BD0E91F9077F700F01429 /* Products */;
			projectDirPath = "";
			projectRoot = "";
			targets = (
				E18BD0E71F9077F700F01429 /* FlappyBird */,
			);
		};
/* End PBXProject section */

/* Begin PBXResourcesBuildPhase section */
		E18BD0E61F9077F700F01429 /* Resources */ = {
			isa = PBXResourcesBuildPhase;
			buildActionMask = 2147483647;
			files = (
				E18BD0F61F9077F700F01429 /* LaunchScreen.storyboard in Resources */,
				E15ACCD71F973B2A0039E39E /* ta_ta_kira08.mp3 in Resources */,
				E18BD0F31F9077F700F01429 /* Assets.xcassets in Resources */,
				E18BD0F11F9077F700F01429 /* Main.storyboard in Resources */,
			);
			runOnlyForDeploymentPostprocessing = 0;
		};
/* End PBXResourcesBuildPhase section */

/* Begin PBXSourcesBuildPhase section */
		E18BD0E41F9077F700F01429 /* Sources */ = {
			isa = PBXSourcesBuildPhase;
			buildActionMask = 2147483647;
			files = (
				E18BD1011F907B8B00F01429 /* GameScene.swift in Sources */,
				E18BD0EE1F9077F700F01429 /* ViewController.swift in Sources */,
				E18BD0EC1F9077F700F01429 /* AppDelegate.swift in Sources */,
			);
			runOnlyForDeploymentPostprocessing = 0;
		};
/* End PBXSourcesBuildPhase section */

/* Begin PBXVariantGroup section */
		E18BD0EF1F9077F700F01429 /* Main.storyboard */ = {
			isa = PBXVariantGroup;
			children = (
				E18BD0F01F9077F700F01429 /* Base */,
			);
			name = Main.storyboard;
			sourceTree = "<group>";
		};
		E18BD0F41F9077F700F01429 /* LaunchScreen.storyboard */ = {
			isa = PBXVariantGroup;
			children = (
				E18BD0F51F9077F700F01429 /* Base */,
			);
			name = LaunchScreen.storyboard;
			sourceTree = "<group>";
		};
/* End PBXVariantGroup section */

/* Begin XCBuildConfiguration section */
		E18BD0F81F9077F700F01429 /* Debug */ = {
			isa = XCBuildConfiguration;
			buildSettings = {
				ALWAYS_SEARCH_USER_PATHS = NO;
				CLANG_ANALYZER_NONNULL = YES;
				CLANG_ANALYZER_NUMBER_OBJECT_CONVERSION = YES_AGGRESSIVE;
				CLANG_CXX_LANGUAGE_STANDARD = "gnu++0x";
				CLANG_CXX_LIBRARY = "libc++";
				CLANG_ENABLE_MODULES = YES;
				CLANG_ENABLE_OBJC_ARC = YES;
				CLANG_WARN_BOOL_CONVERSION = YES;
				CLANG_WARN_CONSTANT_CONVERSION = YES;
				CLANG_WARN_DIRECT_OBJC_ISA_USAGE = YES_ERROR;
				CLANG_WARN_DOCUMENTATION_COMMENTS = YES;
				CLANG_WARN_EMPTY_BODY = YES;
				CLANG_WARN_ENUM_CONVERSION = YES;
				CLANG_WARN_INFINITE_RECURSION = YES;
				CLANG_WARN_INT_CONVERSION = YES;
				CLANG_WARN_OBJC_ROOT_CLASS = YES_ERROR;
				CLANG_WARN_SUSPICIOUS_MOVE = YES;
				CLANG_WARN_UNREACHABLE_CODE = YES;
				CLANG_WARN__DUPLICATE_METHOD_MATCH = YES;
				"CODE_SIGN_IDENTITY[sdk=iphoneos*]" = "iPhone Developer";
				COPY_PHASE_STRIP = NO;
				DEBUG_INFORMATION_FORMAT = dwarf;
				ENABLE_STRICT_OBJC_MSGSEND = YES;
				ENABLE_TESTABILITY = YES;
				GCC_C_LANGUAGE_STANDARD = gnu99;
				GCC_DYNAMIC_NO_PIC = NO;
				GCC_NO_COMMON_BLOCKS = YES;
				GCC_OPTIMIZATION_LEVEL = 0;
				GCC_PREPROCESSOR_DEFINITIONS = (
					"DEBUG=1",
					"$(inherited)",
				);
				GCC_WARN_64_TO_32_BIT_CONVERSION = YES;
				GCC_WARN_ABOUT_RETURN_TYPE = YES_ERROR;
				GCC_WARN_UNDECLARED_SELECTOR = YES;
				GCC_WARN_UNINITIALIZED_AUTOS = YES_AGGRESSIVE;
				GCC_WARN_UNUSED_FUNCTION = YES;
				GCC_WARN_UNUSED_VARIABLE = YES;
				IPHONEOS_DEPLOYMENT_TARGET = 10.3;
				MTL_ENABLE_DEBUG_INFO = YES;
				ONLY_ACTIVE_ARCH = YES;
				SDKROOT = iphoneos;
				SWIFT_ACTIVE_COMPILATION_CONDITIONS = DEBUG;
				SWIFT_OPTIMIZATION_LEVEL = "-Onone";
			};
			name = Debug;
		};
		E18BD0F91F9077F700F01429 /* Release */ = {
			isa = XCBuildConfiguration;
			buildSettings = {
				ALWAYS_SEARCH_USER_PATHS = NO;
				CLANG_ANALYZER_NONNULL = YES;
				CLANG_ANALYZER_NUMBER_OBJECT_CONVERSION = YES_AGGRESSIVE;
				CLANG_CXX_LANGUAGE_STANDARD = "gnu++0x";
				CLANG_CXX_LIBRARY = "libc++";
				CLANG_ENABLE_MODULES = YES;
				CLANG_ENABLE_OBJC_ARC = YES;
				CLANG_WARN_BOOL_CONVERSION = YES;
				CLANG_WARN_CONSTANT_CONVERSION = YES;
				CLANG_WARN_DIRECT_OBJC_ISA_USAGE = YES_ERROR;
				CLANG_WARN_DOCUMENTATION_COMMENTS = YES;
				CLANG_WARN_EMPTY_BODY = YES;
				CLANG_WARN_ENUM_CONVERSION = YES;
				CLANG_WARN_INFINITE_RECURSION = YES;
				CLANG_WARN_INT_CONVERSION = YES;
				CLANG_WARN_OBJC_ROOT_CLASS = YES_ERROR;
				CLANG_WARN_SUSPICIOUS_MOVE = YES;
				CLANG_WARN_UNREACHABLE_CODE = YES;
				CLANG_WARN__DUPLICATE_METHOD_MATCH = YES;
				"CODE_SIGN_IDENTITY[sdk=iphoneos*]" = "iPhone Developer";
				COPY_PHASE_STRIP = NO;
				DEBUG_INFORMATION_FORMAT = "dwarf-with-dsym";
				ENABLE_NS_ASSERTIONS = NO;
				ENABLE_STRICT_OBJC_MSGSEND = YES;
				GCC_C_LANGUAGE_STANDARD = gnu99;
				GCC_NO_COMMON_BLOCKS = YES;
				GCC_WARN_64_TO_32_BIT_CONVERSION = YES;
				GCC_WARN_ABOUT_RETURN_TYPE = YES_ERROR;
				GCC_WARN_UNDECLARED_SELECTOR = YES;
				GCC_WARN_UNINITIALIZED_AUTOS = YES_AGGRESSIVE;
				GCC_WARN_UNUSED_FUNCTION = YES;
				GCC_WARN_UNUSED_VARIABLE = YES;
				IPHONEOS_DEPLOYMENT_TARGET = 10.3;
				MTL_ENABLE_DEBUG_INFO = NO;
				SDKROOT = iphoneos;
				SWIFT_OPTIMIZATION_LEVEL = "-Owholemodule";
				VALIDATE_PRODUCT = YES;
			};
			name = Release;
		};
		E18BD0FB1F9077F700F01429 /* Debug */ = {
			isa = XCBuildConfiguration;
			buildSettings = {
				ASSETCATALOG_COMPILER_APPICON_NAME = AppIcon;
				DEVELOPMENT_TEAM = MR965626L4;
				INFOPLIST_FILE = FlappyBird/Info.plist;
				LD_RUNPATH_SEARCH_PATHS = "$(inherited) @executable_path/Frameworks";
				PRODUCT_BUNDLE_IDENTIFIER = jp.techacademy.hajime.hamada.FlappyBird;
				PRODUCT_NAME = "$(TARGET_NAME)";
				SWIFT_VERSION = 3.0;
			};
			name = Debug;
		};
		E18BD0FC1F9077F700F01429 /* Release */ = {
			isa = XCBuildConfiguration;
			buildSettings = {
				ASSETCATALOG_COMPILER_APPICON_NAME = AppIcon;
				DEVELOPMENT_TEAM = MR965626L4;
				INFOPLIST_FILE = FlappyBird/Info.plist;
				LD_RUNPATH_SEARCH_PATHS = "$(inherited) @executable_path/Frameworks";
				PRODUCT_BUNDLE_IDENTIFIER = jp.techacademy.hajime.hamada.FlappyBird;
				PRODUCT_NAME = "$(TARGET_NAME)";
				SWIFT_VERSION = 3.0;
			};
			name = Release;
		};
/* End XCBuildConfiguration section */

/* Begin XCConfigurationList section */
		E18BD0E31F9077F700F01429 /* Build configuration list for PBXProject "FlappyBird" */ = {
			isa = XCConfigurationList;
			buildConfigurations = (
				E18BD0F81F9077F700F01429 /* Debug */,
				E18BD0F91F9077F700F01429 /* Release */,
			);
			defaultConfigurationIsVisible = 0;
			defaultConfigurationName = Release;
		};
		E18BD0FA1F9077F700F01429 /* Build configuration list for PBXNativeTarget "FlappyBird" */ = {
			isa = XCConfigurationList;
			buildConfigurations = (
				E18BD0FB1F9077F700F01429 /* Debug */,
				E18BD0FC1F9077F700F01429 /* Release */,
			);
			defaultConfigurationIsVisible = 0;
			defaultConfigurationName = Release;
		};
/* End XCConfigurationList section */
	};
	rootObject = E18BD0E01F9077F700F01429 /* Project object */;
}
